lockfileVersion: '6.0'

importers:

  .: {}

  npm/darwin-arm64: {}

  npm/darwin-x64: {}

  packages/orcho:
    optionalDependencies:
      '@alexandrebodin/orcho-darwin-arm64':
        specifier: 0.0.0
        version: link:../../npm/darwin-arm64
      '@alexandrebodin/orcho-darwin-x64':
        specifier: 0.0.0
        version: link:../../npm/darwin-x64
